
Microsoft Visual Studio Solution File, Format Version 12.00
# Visual Studio Version 16
VisualStudioVersion = 16.0.30104.148
MinimumVisualStudioVersion = 10.0.40219.1
Project("{9A19103F-16F7-4668-BE54-9A1E7A4F7556}") = "CNX_API", "CNX\CNX_API.csproj", "{1995276A-0AF0-44B7-A6FA-E5C9AE437372}"
EndProject
Project("{9A19103F-16F7-4668-BE54-9A1E7A4F7556}") = "CNX_Domain", "CNX_Domain\CNX_Domain.csproj", "{60A6DE8D-3151-44DA-BA95-58FE758A49C4}"
EndProject
Project("{9A19103F-16F7-4668-BE54-9A1E7A4F7556}") = "CNX_Repository", "CNX_Repository\CNX_Repository.csproj", "{57D1DB52-CA3E-44DF-A6CC-07DB043150C1}"
EndProject
Global
	GlobalSection(SolutionConfigurationPlatforms) = preSolution
		Debug|Any CPU = Debug|Any CPU
		Release|Any CPU = Release|Any CPU
	EndGlobalSection
	GlobalSection(ProjectConfigurationPlatforms) = postSolution
		{1995276A-0AF0-44B7-A6FA-E5C9AE437372}.Debug|Any CPU.ActiveCfg = Debug|Any CPU
		{1995276A-0AF0-44B7-A6FA-E5C9AE437372}.Debug|Any CPU.Build.0 = Debug|Any CPU
		{1995276A-0AF0-44B7-A6FA-E5C9AE437372}.Release|Any CPU.ActiveCfg = Release|Any CPU
		{1995276A-0AF0-44B7-A6FA-E5C9AE437372}.Release|Any CPU.Build.0 = Release|Any CPU
		{60A6DE8D-3151-44DA-BA95-58FE758A49C4}.Debug|Any CPU.ActiveCfg = Debug|Any CPU
		{60A6DE8D-3151-44DA-BA95-58FE758A49C4}.Debug|Any CPU.Build.0 = Debug|Any CPU
		{60A6DE8D-3151-44DA-BA95-58FE758A49C4}.Release|Any CPU.ActiveCfg = Release|Any CPU
		{60A6DE8D-3151-44DA-BA95-58FE758A49C4}.Release|Any CPU.Build.0 = Release|Any CPU
		{57D1DB52-CA3E-44DF-A6CC-07DB043150C1}.Debug|Any CPU.ActiveCfg = Debug|Any CPU
		{57D1DB52-CA3E-44DF-A6CC-07DB043150C1}.Debug|Any CPU.Build.0 = Debug|Any CPU
		{57D1DB52-CA3E-44DF-A6CC-07DB043150C1}.Release|Any CPU.ActiveCfg = Release|Any CPU
		{57D1DB52-CA3E-44DF-A6CC-07DB043150C1}.Release|Any CPU.Build.0 = Release|Any CPU
	EndGlobalSection
	GlobalSection(SolutionProperties) = preSolution
		HideSolutionNode = FALSE
	EndGlobalSection
	GlobalSection(ExtensibilityGlobals) = postSolution
		SolutionGuid = {264EAF3A-0E89-4002-A0AA-5A193A743D04}
	EndGlobalSection
EndGlobal
